
Microsoft Visual Studio Solution File, Format Version 12.00
# Visual Studio Version 17
VisualStudioVersion = 17.12.35514.174
MinimumVisualStudioVersion = 10.0.40219.1
Project("{FAE04EC0-301F-11D3-BF4B-00C04F79EFBC}") = "ToDoList", "ToDoList\ToDoList.csproj", "{791A2DDF-E792-4232-B8B5-4CAA2553A0CC}"
EndProject
Project("{FAE04EC0-301F-11D3-BF4B-00C04F79EFBC}") = "Calculator", "Calculator\Calculator.csproj", "{80D34477-6856-4BB6-BEBC-DB7B92196E44}"
EndProject
Project("{FAE04EC0-301F-11D3-BF4B-00C04F79EFBC}") = "CalculateSumOfNumbersBetween", "CalculateSumOfNumbersBetween\CalculateSumOfNumbersBetween.csproj", "{1AD8303F-54D3-45AE-94A5-12B8158C9843}"
EndProject
Project("{FAE04EC0-301F-11D3-BF4B-00C04F79EFBC}") = "RepeatCharacter", "RepeatCharacter\RepeatCharacter.csproj", "{6A0E14E8-5C67-4954-8D08-D30A340F60F7}"
EndProject
Project("{FAE04EC0-301F-11D3-BF4B-00C04F79EFBC}") = "Factorial", "Factorial\Factorial.csproj", "{89033527-8B9F-4EA9-A9AA-CE77ED81CB51}"
EndProject
Global
	GlobalSection(SolutionConfigurationPlatforms) = preSolution
		Debug|Any CPU = Debug|Any CPU
		Release|Any CPU = Release|Any CPU
	EndGlobalSection
	GlobalSection(ProjectConfigurationPlatforms) = postSolution
		{791A2DDF-E792-4232-B8B5-4CAA2553A0CC}.Debug|Any CPU.ActiveCfg = Debug|Any CPU
		{791A2DDF-E792-4232-B8B5-4CAA2553A0CC}.Debug|Any CPU.Build.0 = Debug|Any CPU
		{791A2DDF-E792-4232-B8B5-4CAA2553A0CC}.Release|Any CPU.ActiveCfg = Release|Any CPU
		{791A2DDF-E792-4232-B8B5-4CAA2553A0CC}.Release|Any CPU.Build.0 = Release|Any CPU
		{80D34477-6856-4BB6-BEBC-DB7B92196E44}.Debug|Any CPU.ActiveCfg = Debug|Any CPU
		{80D34477-6856-4BB6-BEBC-DB7B92196E44}.Debug|Any CPU.Build.0 = Debug|Any CPU
		{80D34477-6856-4BB6-BEBC-DB7B92196E44}.Release|Any CPU.ActiveCfg = Release|Any CPU
		{80D34477-6856-4BB6-BEBC-DB7B92196E44}.Release|Any CPU.Build.0 = Release|Any CPU
		{1AD8303F-54D3-45AE-94A5-12B8158C9843}.Debug|Any CPU.ActiveCfg = Debug|Any CPU
		{1AD8303F-54D3-45AE-94A5-12B8158C9843}.Debug|Any CPU.Build.0 = Debug|Any CPU
		{1AD8303F-54D3-45AE-94A5-12B8158C9843}.Release|Any CPU.ActiveCfg = Release|Any CPU
		{1AD8303F-54D3-45AE-94A5-12B8158C9843}.Release|Any CPU.Build.0 = Release|Any CPU
		{6A0E14E8-5C67-4954-8D08-D30A340F60F7}.Debug|Any CPU.ActiveCfg = Debug|Any CPU
		{6A0E14E8-5C67-4954-8D08-D30A340F60F7}.Debug|Any CPU.Build.0 = Debug|Any CPU
		{6A0E14E8-5C67-4954-8D08-D30A340F60F7}.Release|Any CPU.ActiveCfg = Release|Any CPU
		{6A0E14E8-5C67-4954-8D08-D30A340F60F7}.Release|Any CPU.Build.0 = Release|Any CPU
		{89033527-8B9F-4EA9-A9AA-CE77ED81CB51}.Debug|Any CPU.ActiveCfg = Debug|Any CPU
		{89033527-8B9F-4EA9-A9AA-CE77ED81CB51}.Debug|Any CPU.Build.0 = Debug|Any CPU
		{89033527-8B9F-4EA9-A9AA-CE77ED81CB51}.Release|Any CPU.ActiveCfg = Release|Any CPU
		{89033527-8B9F-4EA9-A9AA-CE77ED81CB51}.Release|Any CPU.Build.0 = Release|Any CPU
	EndGlobalSection
	GlobalSection(SolutionProperties) = preSolution
		HideSolutionNode = FALSE
	EndGlobalSection
EndGlobal
