
Microsoft Visual Studio Solution File, Format Version 12.00
# Visual Studio Version 17
VisualStudioVersion = 17.12.35514.174
MinimumVisualStudioVersion = 10.0.40219.1
Project("{FAE04EC0-301F-11D3-BF4B-00C04F79EFBC}") = "ToDoList", "ToDoList\ToDoList.csproj", "{791A2DDF-E792-4232-B8B5-4CAA2553A0CC}"
EndProject
Project("{FAE04EC0-301F-11D3-BF4B-00C04F79EFBC}") = "Calculator", "Calculator\Calculator.csproj", "{80D34477-6856-4BB6-BEBC-DB7B92196E44}"
EndProject
Project("{FAE04EC0-301F-11D3-BF4B-00C04F79EFBC}") = "CalculateSumOfNumbersBetween", "CalculateSumOfNumbersBetween\CalculateSumOfNumbersBetween.csproj", "{1AD8303F-54D3-45AE-94A5-12B8158C9843}"
EndProject
Project("{FAE04EC0-301F-11D3-BF4B-00C04F79EFBC}") = "RepeatCharacter", "RepeatCharacter\RepeatCharacter.csproj", "{6A0E14E8-5C67-4954-8D08-D30A340F60F7}"
EndProject
Project("{FAE04EC0-301F-11D3-BF4B-00C04F79EFBC}") = "Factorial", "Factorial\Factorial.csproj", "{89033527-8B9F-4EA9-A9AA-CE77ED81CB51}"
EndProject
Project("{FAE04EC0-301F-11D3-BF4B-00C04F79EFBC}") = "BuildHelloString", "BuildHelloString\BuildHelloString.csproj", "{C668D628-0136-41C7-9750-A16E4BA49179}"
EndProject
Project("{FAE04EC0-301F-11D3-BF4B-00C04F79EFBC}") = "IsWordPresentInCollection", "IsWordPresentInCollection\IsWordPresentInCollection.csproj", "{21348415-F50F-423C-8942-DC20E8CE8F4E}"
EndProject
Project("{FAE04EC0-301F-11D3-BF4B-00C04F79EFBC}") = "FindMax", "FindMax\FindMax.csproj", "{E6EAEAC7-1D62-4E12-94D6-32819DEC93F7}"
EndProject
Project("{FAE04EC0-301F-11D3-BF4B-00C04F79EFBC}") = "IsAnyWordLongerThan", "IsAnyWordLongerThan\IsAnyWordLongerThan.csproj", "{27EDA940-72FA-436C-A773-148728CE3789}"
EndProject
Global
	GlobalSection(SolutionConfigurationPlatforms) = preSolution
		Debug|Any CPU = Debug|Any CPU
		Release|Any CPU = Release|Any CPU
	EndGlobalSection
	GlobalSection(ProjectConfigurationPlatforms) = postSolution
		{791A2DDF-E792-4232-B8B5-4CAA2553A0CC}.Debug|Any CPU.ActiveCfg = Debug|Any CPU
		{791A2DDF-E792-4232-B8B5-4CAA2553A0CC}.Debug|Any CPU.Build.0 = Debug|Any CPU
		{791A2DDF-E792-4232-B8B5-4CAA2553A0CC}.Release|Any CPU.ActiveCfg = Release|Any CPU
		{791A2DDF-E792-4232-B8B5-4CAA2553A0CC}.Release|Any CPU.Build.0 = Release|Any CPU
		{80D34477-6856-4BB6-BEBC-DB7B92196E44}.Debug|Any CPU.ActiveCfg = Debug|Any CPU
		{80D34477-6856-4BB6-BEBC-DB7B92196E44}.Debug|Any CPU.Build.0 = Debug|Any CPU
		{80D34477-6856-4BB6-BEBC-DB7B92196E44}.Release|Any CPU.ActiveCfg = Release|Any CPU
		{80D34477-6856-4BB6-BEBC-DB7B92196E44}.Release|Any CPU.Build.0 = Release|Any CPU
		{1AD8303F-54D3-45AE-94A5-12B8158C9843}.Debug|Any CPU.ActiveCfg = Debug|Any CPU
		{1AD8303F-54D3-45AE-94A5-12B8158C9843}.Debug|Any CPU.Build.0 = Debug|Any CPU
		{1AD8303F-54D3-45AE-94A5-12B8158C9843}.Release|Any CPU.ActiveCfg = Release|Any CPU
		{1AD8303F-54D3-45AE-94A5-12B8158C9843}.Release|Any CPU.Build.0 = Release|Any CPU
		{6A0E14E8-5C67-4954-8D08-D30A340F60F7}.Debug|Any CPU.ActiveCfg = Debug|Any CPU
		{6A0E14E8-5C67-4954-8D08-D30A340F60F7}.Debug|Any CPU.Build.0 = Debug|Any CPU
		{6A0E14E8-5C67-4954-8D08-D30A340F60F7}.Release|Any CPU.ActiveCfg = Release|Any CPU
		{6A0E14E8-5C67-4954-8D08-D30A340F60F7}.Release|Any CPU.Build.0 = Release|Any CPU
		{89033527-8B9F-4EA9-A9AA-CE77ED81CB51}.Debug|Any CPU.ActiveCfg = Debug|Any CPU
		{89033527-8B9F-4EA9-A9AA-CE77ED81CB51}.Debug|Any CPU.Build.0 = Debug|Any CPU
		{89033527-8B9F-4EA9-A9AA-CE77ED81CB51}.Release|Any CPU.ActiveCfg = Release|Any CPU
		{89033527-8B9F-4EA9-A9AA-CE77ED81CB51}.Release|Any CPU.Build.0 = Release|Any CPU
		{C668D628-0136-41C7-9750-A16E4BA49179}.Debug|Any CPU.ActiveCfg = Debug|Any CPU
		{C668D628-0136-41C7-9750-A16E4BA49179}.Debug|Any CPU.Build.0 = Debug|Any CPU
		{C668D628-0136-41C7-9750-A16E4BA49179}.Release|Any CPU.ActiveCfg = Release|Any CPU
		{C668D628-0136-41C7-9750-A16E4BA49179}.Release|Any CPU.Build.0 = Release|Any CPU
		{21348415-F50F-423C-8942-DC20E8CE8F4E}.Debug|Any CPU.ActiveCfg = Debug|Any CPU
		{21348415-F50F-423C-8942-DC20E8CE8F4E}.Debug|Any CPU.Build.0 = Debug|Any CPU
		{21348415-F50F-423C-8942-DC20E8CE8F4E}.Release|Any CPU.ActiveCfg = Release|Any CPU
		{21348415-F50F-423C-8942-DC20E8CE8F4E}.Release|Any CPU.Build.0 = Release|Any CPU
		{E6EAEAC7-1D62-4E12-94D6-32819DEC93F7}.Debug|Any CPU.ActiveCfg = Debug|Any CPU
		{E6EAEAC7-1D62-4E12-94D6-32819DEC93F7}.Debug|Any CPU.Build.0 = Debug|Any CPU
		{E6EAEAC7-1D62-4E12-94D6-32819DEC93F7}.Release|Any CPU.ActiveCfg = Release|Any CPU
		{E6EAEAC7-1D62-4E12-94D6-32819DEC93F7}.Release|Any CPU.Build.0 = Release|Any CPU
		{27EDA940-72FA-436C-A773-148728CE3789}.Debug|Any CPU.ActiveCfg = Debug|Any CPU
		{27EDA940-72FA-436C-A773-148728CE3789}.Debug|Any CPU.Build.0 = Debug|Any CPU
		{27EDA940-72FA-436C-A773-148728CE3789}.Release|Any CPU.ActiveCfg = Release|Any CPU
		{27EDA940-72FA-436C-A773-148728CE3789}.Release|Any CPU.Build.0 = Release|Any CPU
	EndGlobalSection
	GlobalSection(SolutionProperties) = preSolution
		HideSolutionNode = FALSE
	EndGlobalSection
EndGlobal
